
Microsoft Visual Studio Solution File, Format Version 12.00
# Visual Studio 15
VisualStudioVersion = 15.0.27130.2036
MinimumVisualStudioVersion = 10.0.40219.1
Project("{FAE04EC0-301F-11D3-BF4B-00C04F79EFBC}") = "backofficev2", "backofficev2\backofficev2.csproj", "{A581C7D9-924D-47A4-BE15-C8C98219D6DB}"
EndProject
Global
	GlobalSection(SolutionConfigurationPlatforms) = preSolution
		Debug|Any CPU = Debug|Any CPU
		Release|Any CPU = Release|Any CPU
	EndGlobalSection
	GlobalSection(ProjectConfigurationPlatforms) = postSolution
		{A581C7D9-924D-47A4-BE15-C8C98219D6DB}.Debug|Any CPU.ActiveCfg = Debug|Any CPU
		{A581C7D9-924D-47A4-BE15-C8C98219D6DB}.Debug|Any CPU.Build.0 = Debug|Any CPU
		{A581C7D9-924D-47A4-BE15-C8C98219D6DB}.Release|Any CPU.ActiveCfg = Release|Any CPU
		{A581C7D9-924D-47A4-BE15-C8C98219D6DB}.Release|Any CPU.Build.0 = Release|Any CPU
	EndGlobalSection
	GlobalSection(SolutionProperties) = preSolution
		HideSolutionNode = FALSE
	EndGlobalSection
	GlobalSection(ExtensibilityGlobals) = postSolution
		SolutionGuid = {78A7E4AE-DCC6-4FBF-A63B-B73274A20A01}
	EndGlobalSection
EndGlobal
